
Microsoft Visual Studio Solution File, Format Version 12.00
# Visual Studio 15
VisualStudioVersion = 15.0.28010.2046
MinimumVisualStudioVersion = 10.0.40219.1
Project("{9A19103F-16F7-4668-BE54-9A1E7A4F7556}") = "CandidateRegistration", "CandidateRegistration\CandidateRegistration.csproj", "{FADE0905-00DB-46B4-A5CB-3FCD185546C4}"
EndProject
Global
	GlobalSection(SolutionConfigurationPlatforms) = preSolution
		Debug|Any CPU = Debug|Any CPU
		Release|Any CPU = Release|Any CPU
	EndGlobalSection
	GlobalSection(ProjectConfigurationPlatforms) = postSolution
		{FADE0905-00DB-46B4-A5CB-3FCD185546C4}.Debug|Any CPU.ActiveCfg = Debug|Any CPU
		{FADE0905-00DB-46B4-A5CB-3FCD185546C4}.Debug|Any CPU.Build.0 = Debug|Any CPU
		{FADE0905-00DB-46B4-A5CB-3FCD185546C4}.Release|Any CPU.ActiveCfg = Release|Any CPU
		{FADE0905-00DB-46B4-A5CB-3FCD185546C4}.Release|Any CPU.Build.0 = Release|Any CPU
	EndGlobalSection
	GlobalSection(SolutionProperties) = preSolution
		HideSolutionNode = FALSE
	EndGlobalSection
	GlobalSection(ExtensibilityGlobals) = postSolution
		SolutionGuid = {EDB6D293-2862-4E77-99B1-046FE9DA4EFA}
	EndGlobalSection
EndGlobal
